{
  "nodes": {
    "nixpkgs": {
      "locked": {
        "lastModified": 1684363872,
        "narHash": "sha256-jkvhzrICFSmj+NBHksKTWzs8Q3+D7RsVK0wLKacbu8s=",
        "owner": "NixOS",
        "repo": "nixpkgs",
        "rev": "1d77f3b72756ca36f16440c59e6b89a957908647",
        "type": "github"
      },
      "original": {
        "id": "nixpkgs",
        "type": "indirect"
      }
    },
    "root": {
      "inputs": {
        "nixpkgs": "nixpkgs"
      }
    }
  },
  "root": "root",
  "version": 7
}
